
Microsoft Visual Studio Solution File, Format Version 12.00
# Visual Studio 15
VisualStudioVersion = 15.0.28307.329
MinimumVisualStudioVersion = 10.0.40219.1
Project("{FAE04EC0-301F-11D3-BF4B-00C04F79EFBC}") = "Mess Management System", "Mess Management System\Mess Management System.csproj", "{209A1E7F-DADF-4DDC-86C6-40F8C2875F15}"
EndProject
Global
	GlobalSection(SolutionConfigurationPlatforms) = preSolution
		Debug|Any CPU = Debug|Any CPU
		Release|Any CPU = Release|Any CPU
	EndGlobalSection
	GlobalSection(ProjectConfigurationPlatforms) = postSolution
		{209A1E7F-DADF-4DDC-86C6-40F8C2875F15}.Debug|Any CPU.ActiveCfg = Debug|Any CPU
		{209A1E7F-DADF-4DDC-86C6-40F8C2875F15}.Debug|Any CPU.Build.0 = Debug|Any CPU
		{209A1E7F-DADF-4DDC-86C6-40F8C2875F15}.Release|Any CPU.ActiveCfg = Release|Any CPU
		{209A1E7F-DADF-4DDC-86C6-40F8C2875F15}.Release|Any CPU.Build.0 = Release|Any CPU
	EndGlobalSection
	GlobalSection(SolutionProperties) = preSolution
		HideSolutionNode = FALSE
	EndGlobalSection
	GlobalSection(ExtensibilityGlobals) = postSolution
		SolutionGuid = {B9DAA195-6B72-421B-BACC-EEF8C68B8021}
	EndGlobalSection
EndGlobal
